
Microsoft Visual Studio Solution File, Format Version 12.00
# Visual Studio 15
VisualStudioVersion = 15.0.26228.9
MinimumVisualStudioVersion = 10.0.40219.1
Project("{2150E333-8FDC-42A3-9474-1A3956D46DE8}") = "src", "src", "{FD49E869-E8F2-4E40-837D-E0329F087D4A}"
EndProject
Project("{9A19103F-16F7-4668-BE54-9A1E7A4F7556}") = "Tar", "src\Tar\Tar.csproj", "{A062EE19-A06C-4393-89CE-C1695270DB26}"
EndProject
Project("{9A19103F-16F7-4668-BE54-9A1E7A4F7556}") = "Docker.PowerShell", "src\Docker.PowerShell\Docker.PowerShell.csproj", "{DEC530F9-0B30-46A2-8872-49BEDCB0FE55}"
EndProject
Project("{9A19103F-16F7-4668-BE54-9A1E7A4F7556}") = "Docker.DotNet", "src\Docker.DotNet\Docker.DotNet\Docker.DotNet.csproj", "{79A7BA50-A595-458E-9A9C-51F8638B5F46}"
EndProject
Project("{9A19103F-16F7-4668-BE54-9A1E7A4F7556}") = "Docker.DotNet.X509", "src\Docker.DotNet\Docker.DotNet.X509\Docker.DotNet.X509.csproj", "{32364E3C-9EA5-40D6-85DC-DAA6B754846E}"
EndProject
Global
	GlobalSection(SolutionConfigurationPlatforms) = preSolution
		Debug|Any CPU = Debug|Any CPU
		Release|Any CPU = Release|Any CPU
	EndGlobalSection
	GlobalSection(ProjectConfigurationPlatforms) = postSolution
		{A062EE19-A06C-4393-89CE-C1695270DB26}.Debug|Any CPU.ActiveCfg = Debug|Any CPU
		{A062EE19-A06C-4393-89CE-C1695270DB26}.Debug|Any CPU.Build.0 = Debug|Any CPU
		{A062EE19-A06C-4393-89CE-C1695270DB26}.Release|Any CPU.ActiveCfg = Release|Any CPU
		{A062EE19-A06C-4393-89CE-C1695270DB26}.Release|Any CPU.Build.0 = Release|Any CPU
		{DEC530F9-0B30-46A2-8872-49BEDCB0FE55}.Debug|Any CPU.ActiveCfg = Debug|Any CPU
		{DEC530F9-0B30-46A2-8872-49BEDCB0FE55}.Debug|Any CPU.Build.0 = Debug|Any CPU
		{DEC530F9-0B30-46A2-8872-49BEDCB0FE55}.Release|Any CPU.ActiveCfg = Release|Any CPU
		{DEC530F9-0B30-46A2-8872-49BEDCB0FE55}.Release|Any CPU.Build.0 = Release|Any CPU
		{79A7BA50-A595-458E-9A9C-51F8638B5F46}.Debug|Any CPU.ActiveCfg = Debug|Any CPU
		{79A7BA50-A595-458E-9A9C-51F8638B5F46}.Debug|Any CPU.Build.0 = Debug|Any CPU
		{79A7BA50-A595-458E-9A9C-51F8638B5F46}.Release|Any CPU.ActiveCfg = Release|Any CPU
		{79A7BA50-A595-458E-9A9C-51F8638B5F46}.Release|Any CPU.Build.0 = Release|Any CPU
		{32364E3C-9EA5-40D6-85DC-DAA6B754846E}.Debug|Any CPU.ActiveCfg = Debug|Any CPU
		{32364E3C-9EA5-40D6-85DC-DAA6B754846E}.Debug|Any CPU.Build.0 = Debug|Any CPU
		{32364E3C-9EA5-40D6-85DC-DAA6B754846E}.Release|Any CPU.ActiveCfg = Release|Any CPU
		{32364E3C-9EA5-40D6-85DC-DAA6B754846E}.Release|Any CPU.Build.0 = Release|Any CPU
	EndGlobalSection
	GlobalSection(SolutionProperties) = preSolution
		HideSolutionNode = FALSE
	EndGlobalSection
	GlobalSection(NestedProjects) = preSolution
		{A062EE19-A06C-4393-89CE-C1695270DB26} = {FD49E869-E8F2-4E40-837D-E0329F087D4A}
		{DEC530F9-0B30-46A2-8872-49BEDCB0FE55} = {FD49E869-E8F2-4E40-837D-E0329F087D4A}
		{79A7BA50-A595-458E-9A9C-51F8638B5F46} = {FD49E869-E8F2-4E40-837D-E0329F087D4A}
		{32364E3C-9EA5-40D6-85DC-DAA6B754846E} = {FD49E869-E8F2-4E40-837D-E0329F087D4A}
	EndGlobalSection
EndGlobal
